
Microsoft Visual Studio Solution File, Format Version 12.00
# Visual Studio Version 17
VisualStudioVersion = 17.6.33815.320
MinimumVisualStudioVersion = 10.0.40219.1
Project("{FAE04EC0-301F-11D3-BF4B-00C04F79EFBC}") = "Student_Registration_System", "Student_Registration_System\Student_Registration_System.csproj", "{CA082BF8-3EFA-4B4D-9361-63638A4F07F5}"
EndProject
Global
	GlobalSection(SolutionConfigurationPlatforms) = preSolution
		Debug|Any CPU = Debug|Any CPU
		Release|Any CPU = Release|Any CPU
	EndGlobalSection
	GlobalSection(ProjectConfigurationPlatforms) = postSolution
		{CA082BF8-3EFA-4B4D-9361-63638A4F07F5}.Debug|Any CPU.ActiveCfg = Debug|Any CPU
		{CA082BF8-3EFA-4B4D-9361-63638A4F07F5}.Debug|Any CPU.Build.0 = Debug|Any CPU
		{CA082BF8-3EFA-4B4D-9361-63638A4F07F5}.Release|Any CPU.ActiveCfg = Release|Any CPU
		{CA082BF8-3EFA-4B4D-9361-63638A4F07F5}.Release|Any CPU.Build.0 = Release|Any CPU
	EndGlobalSection
	GlobalSection(SolutionProperties) = preSolution
		HideSolutionNode = FALSE
	EndGlobalSection
	GlobalSection(ExtensibilityGlobals) = postSolution
		SolutionGuid = {0B5EACD3-D993-4917-B45E-538D1B32D458}
	EndGlobalSection
EndGlobal
